
Microsoft Visual Studio Solution File, Format Version 12.00
# Visual Studio Version 16
VisualStudioVersion = 16.0.30517.126
MinimumVisualStudioVersion = 10.0.40219.1
Project("{FAE04EC0-301F-11D3-BF4B-00C04F79EFBC}") = "Detector de Carril", "Detector de Carril.csproj", "{9062AEE7-A69D-4BD4-B30C-EB224FC24C99}"
EndProject
Global
	GlobalSection(SolutionConfigurationPlatforms) = preSolution
		Debug|Any CPU = Debug|Any CPU
		Release|Any CPU = Release|Any CPU
	EndGlobalSection
	GlobalSection(ProjectConfigurationPlatforms) = postSolution
		{9062AEE7-A69D-4BD4-B30C-EB224FC24C99}.Debug|Any CPU.ActiveCfg = Debug|Any CPU
		{9062AEE7-A69D-4BD4-B30C-EB224FC24C99}.Debug|Any CPU.Build.0 = Debug|Any CPU
		{9062AEE7-A69D-4BD4-B30C-EB224FC24C99}.Release|Any CPU.ActiveCfg = Release|Any CPU
		{9062AEE7-A69D-4BD4-B30C-EB224FC24C99}.Release|Any CPU.Build.0 = Release|Any CPU
	EndGlobalSection
	GlobalSection(SolutionProperties) = preSolution
		HideSolutionNode = FALSE
	EndGlobalSection
	GlobalSection(ExtensibilityGlobals) = postSolution
		SolutionGuid = {162FE80D-4DCC-4EAD-BE3B-CFFBF8ACD992}
	EndGlobalSection
EndGlobal
